// !$*UTF8*$!
{
	archiveVersion = 1;
	classes = {
	};
	objectVersion = 55;
	objects = {

/* Begin PBXBuildFile section */
		6D6F2B45293E31BA00982FC2 /* appdemo2App.swift in Sources */ = {isa = PBXBuildFile; fileRef = 6D6F2B44293E31BA00982FC2 /* appdemo2App.swift */; };
		6D6F2B47293E31BA00982FC2 /* ContentView.swift in Sources */ = {isa = PBXBuildFile; fileRef = 6D6F2B46293E31BA00982FC2 /* ContentView.swift */; };
		6D6F2B49293E31BC00982FC2 /* Assets.xcassets in Resources */ = {isa = PBXBuildFile; fileRef = 6D6F2B48293E31BC00982FC2 /* Assets.xcassets */; };
		6D6F2B4C293E31BC00982FC2 /* Preview Assets.xcassets in Resources */ = {isa = PBXBuildFile; fileRef = 6D6F2B4B293E31BC00982FC2 /* Preview Assets.xcassets */; };
		6D6F2B56293E31BC00982FC2 /* appdemo2Tests.swift in Sources */ = {isa = PBXBuildFile; fileRef = 6D6F2B55293E31BC00982FC2 /* appdemo2Tests.swift */; };
		6D6F2B60293E31BC00982FC2 /* appdemo2UITests.swift in Sources */ = {isa = PBXBuildFile; fileRef = 6D6F2B5F293E31BC00982FC2 /* appdemo2UITests.swift */; };
		6D6F2B62293E31BC00982FC2 /* appdemo2UITestsLaunchTests.swift in Sources */ = {isa = PBXBuildFile; fileRef = 6D6F2B61293E31BC00982FC2 /* appdemo2UITestsLaunchTests.swift */; };
/* End PBXBuildFile section */

/* Begin PBXContainerItemProxy section */
		6D6F2B52293E31BC00982FC2 /* PBXContainerItemProxy */ = {
			isa = PBXContainerItemProxy;
			containerPortal = 6D6F2B39293E31BA00982FC2 /* Project object */;
			proxyType = 1;
			remoteGlobalIDString = 6D6F2B40293E31BA00982FC2;
			remoteInfo = appdemo2;
		};
		6D6F2B5C293E31BC00982FC2 /* PBXContainerItemProxy */ = {
			isa = PBXContainerItemProxy;
			containerPortal = 6D6F2B39293E31BA00982FC2 /* Project object */;
			proxyType = 1;
			remoteGlobalIDString = 6D6F2B40293E31BA00982FC2;
			remoteInfo = appdemo2;
		};
/* End PBXContainerItemProxy section */

/* Begin PBXFileReference section */
		6D6F2B41293E31BA00982FC2 /* appdemo2.app */ = {isa = PBXFileReference; explicitFileType = wrapper.application; includeInIndex = 0; path = appdemo2.app; sourceTree = BUILT_PRODUCTS_DIR; };
		6D6F2B44293E31BA00982FC2 /* appdemo2App.swift */ = {isa = PBXFileReference; lastKnownFileType = sourcecode.swift; path = appdemo2App.swift; sourceTree = "<group>"; };
		6D6F2B46293E31BA00982FC2 /* ContentView.swift */ = {isa = PBXFileReference; lastKnownFileType = sourcecode.swift; path = ContentView.swift; sourceTree = "<group>"; };
		6D6F2B48293E31BC00982FC2 /* Assets.xcassets */ = {isa = PBXFileReference; lastKnownFileType = folder.assetcatalog; path = Assets.xcassets; sourceTree = "<group>"; };
		6D6F2B4B293E31BC00982FC2 /* Preview Assets.xcassets */ = {isa = PBXFileReference; lastKnownFileType = folder.assetcatalog; path = "Preview Assets.xcassets"; sourceTree = "<group>"; };
		6D6F2B51293E31BC00982FC2 /* appdemo2Tests.xctest */ = {isa = PBXFileReference; explicitFileType = wrapper.cfbundle; includeInIndex = 0; path = appdemo2Tests.xctest; sourceTree = BUILT_PRODUCTS_DIR; };
		6D6F2B55293E31BC00982FC2 /* appdemo2Tests.swift */ = {isa = PBXFileReference; lastKnownFileType = sourcecode.swift; path = appdemo2Tests.swift; sourceTree = "<group>"; };
		6D6F2B5B293E31BC00982FC2 /* appdemo2UITests.xctest */ = {isa = PBXFileReference; explicitFileType = wrapper.cfbundle; includeInIndex = 0; path = appdemo2UITests.xctest; sourceTree = BUILT_PRODUCTS_DIR; };
		6D6F2B5F293E31BC00982FC2 /* appdemo2UITests.swift */ = {isa = PBXFileReference; lastKnownFileType = sourcecode.swift; path = appdemo2UITests.swift; sourceTree = "<group>"; };
		6D6F2B61293E31BC00982FC2 /* appdemo2UITestsLaunchTests.swift */ = {isa = PBXFileReference; lastKnownFileType = sourcecode.swift; path = appdemo2UITestsLaunchTests.swift; sourceTree = "<group>"; };
/* End PBXFileReference section */

/* Begin PBXFrameworksBuildPhase section */
		6D6F2B3E293E31BA00982FC2 /* Frameworks */ = {
			isa = PBXFrameworksBuildPhase;
			buildActionMask = 2147483647;
			files = (
			);
			runOnlyForDeploymentPostprocessing = 0;
		};
		6D6F2B4E293E31BC00982FC2 /* Frameworks */ = {
			isa = PBXFrameworksBuildPhase;
			buildActionMask = 2147483647;
			files = (
			);
			runOnlyForDeploymentPostprocessing = 0;
		};
		6D6F2B58293E31BC00982FC2 /* Frameworks */ = {
			isa = PBXFrameworksBuildPhase;
			buildActionMask = 2147483647;
			files = (
			);
			runOnlyForDeploymentPostprocessing = 0;
		};
/* End PBXFrameworksBuildPhase section */

/* Begin PBXGroup section */
		6D6F2B38293E31BA00982FC2 = {
			isa = PBXGroup;
			children = (
				6D6F2B43293E31BA00982FC2 /* appdemo2 */,
				6D6F2B54293E31BC00982FC2 /* appdemo2Tests */,
				6D6F2B5E293E31BC00982FC2 /* appdemo2UITests */,
				6D6F2B42293E31BA00982FC2 /* Products */,
			);
			sourceTree = "<group>";
		};
		6D6F2B42293E31BA00982FC2 /* Products */ = {
			isa = PBXGroup;
			children = (
				6D6F2B41293E31BA00982FC2 /* appdemo2.app */,
				6D6F2B51293E31BC00982FC2 /* appdemo2Tests.xctest */,
				6D6F2B5B293E31BC00982FC2 /* appdemo2UITests.xctest */,
			);
			name = Products;
			sourceTree = "<group>";
		};
		6D6F2B43293E31BA00982FC2 /* appdemo2 */ = {
			isa = PBXGroup;
			children = (
				6D6F2B44293E31BA00982FC2 /* appdemo2App.swift */,
				6D6F2B46293E31BA00982FC2 /* ContentView.swift */,
				6D6F2B48293E31BC00982FC2 /* Assets.xcassets */,
				6D6F2B4A293E31BC00982FC2 /* Preview Content */,
			);
			path = appdemo2;
			sourceTree = "<group>";
		};
		6D6F2B4A293E31BC00982FC2 /* Preview Content */ = {
			isa = PBXGroup;
			children = (
				6D6F2B4B293E31BC00982FC2 /* Preview Assets.xcassets */,
			);
			path = "Preview Content";
			sourceTree = "<group>";
		};
		6D6F2B54293E31BC00982FC2 /* appdemo2Tests */ = {
			isa = PBXGroup;
			children = (
				6D6F2B55293E31BC00982FC2 /* appdemo2Tests.swift */,
			);
			path = appdemo2Tests;
			sourceTree = "<group>";
		};
		6D6F2B5E293E31BC00982FC2 /* appdemo2UITests */ = {
			isa = PBXGroup;
			children = (
				6D6F2B5F293E31BC00982FC2 /* appdemo2UITests.swift */,
				6D6F2B61293E31BC00982FC2 /* appdemo2UITestsLaunchTests.swift */,
			);
			path = appdemo2UITests;
			sourceTree = "<group>";
		};
/* End PBXGroup section */

/* Begin PBXNativeTarget section */
		6D6F2B40293E31BA00982FC2 /* appdemo2 */ = {
			isa = PBXNativeTarget;
			buildConfigurationList = 6D6F2B65293E31BC00982FC2 /* Build configuration list for PBXNativeTarget "appdemo2" */;
			buildPhases = (
				6D6F2B3D293E31BA00982FC2 /* Sources */,
				6D6F2B3E293E31BA00982FC2 /* Frameworks */,
				6D6F2B3F293E31BA00982FC2 /* Resources */,
			);
			buildRules = (
			);
			dependencies = (
			);
			name = appdemo2;
			productName = appdemo2;
			productReference = 6D6F2B41293E31BA00982FC2 /* appdemo2.app */;
			productType = "com.apple.product-type.application";
		};
		6D6F2B50293E31BC00982FC2 /* appdemo2Tests */ = {
			isa = PBXNativeTarget;
			buildConfigurationList = 6D6F2B68293E31BC00982FC2 /* Build configuration list for PBXNativeTarget "appdemo2Tests" */;
			buildPhases = (
				6D6F2B4D293E31BC00982FC2 /* Sources */,
				6D6F2B4E293E31BC00982FC2 /* Frameworks */,
				6D6F2B4F293E31BC00982FC2 /* Resources */,
			);
			buildRules = (
			);
			dependencies = (
				6D6F2B53293E31BC00982FC2 /* PBXTargetDependency */,
			);
			name = appdemo2Tests;
			productName = appdemo2Tests;
			productReference = 6D6F2B51293E31BC00982FC2 /* appdemo2Tests.xctest */;
			productType = "com.apple.product-type.bundle.unit-test";
		};
		6D6F2B5A293E31BC00982FC2 /* appdemo2UITests */ = {
			isa = PBXNativeTarget;
			buildConfigurationList = 6D6F2B6B293E31BC00982FC2 /* Build configuration list for PBXNativeTarget "appdemo2UITests" */;
			buildPhases = (
				6D6F2B57293E31BC00982FC2 /* Sources */,
				6D6F2B58293E31BC00982FC2 /* Frameworks */,
				6D6F2B59293E31BC00982FC2 /* Resources */,
			);
			buildRules = (
			);
			dependencies = (
				6D6F2B5D293E31BC00982FC2 /* PBXTargetDependency */,
			);
			name = appdemo2UITests;
			productName = appdemo2UITests;
			productReference = 6D6F2B5B293E31BC00982FC2 /* appdemo2UITests.xctest */;
			productType = "com.apple.product-type.bundle.ui-testing";
		};
/* End PBXNativeTarget section */

/* Begin PBXProject section */
		6D6F2B39293E31BA00982FC2 /* Project object */ = {
			isa = PBXProject;
			attributes = {
				BuildIndependentTargetsInParallel = 1;
				LastSwiftUpdateCheck = 1340;
				LastUpgradeCheck = 1340;
				TargetAttributes = {
					6D6F2B40293E31BA00982FC2 = {
						CreatedOnToolsVersion = 13.4.1;
					};
					6D6F2B50293E31BC00982FC2 = {
						CreatedOnToolsVersion = 13.4.1;
						TestTargetID = 6D6F2B40293E31BA00982FC2;
					};
					6D6F2B5A293E31BC00982FC2 = {
						CreatedOnToolsVersion = 13.4.1;
						TestTargetID = 6D6F2B40293E31BA00982FC2;
					};
				};
			};
			buildConfigurationList = 6D6F2B3C293E31BA00982FC2 /* Build configuration list for PBXProject "appdemo2" */;
			compatibilityVersion = "Xcode 13.0";
			developmentRegion = en;
			hasScannedForEncodings = 0;
			knownRegions = (
				en,
				Base,
			);
			mainGroup = 6D6F2B38293E31BA00982FC2;
			productRefGroup = 6D6F2B42293E31BA00982FC2 /* Products */;
			projectDirPath = "";
			projectRoot = "";
			targets = (
				6D6F2B40293E31BA00982FC2 /* appdemo2 */,
				6D6F2B50293E31BC00982FC2 /* appdemo2Tests */,
				6D6F2B5A293E31BC00982FC2 /* appdemo2UITests */,
			);
		};
/* End PBXProject section */

/* Begin PBXResourcesBuildPhase section */
		6D6F2B3F293E31BA00982FC2 /* Resources */ = {
			isa = PBXResourcesBuildPhase;
			buildActionMask = 2147483647;
			files = (
				6D6F2B4C293E31BC00982FC2 /* Preview Assets.xcassets in Resources */,
				6D6F2B49293E31BC00982FC2 /* Assets.xcassets in Resources */,
			);
			runOnlyForDeploymentPostprocessing = 0;
		};
		6D6F2B4F293E31BC00982FC2 /* Resources */ = {
			isa = PBXResourcesBuildPhase;
			buildActionMask = 2147483647;
			files = (
			);
			runOnlyForDeploymentPostprocessing = 0;
		};
		6D6F2B59293E31BC00982FC2 /* Resources */ = {
			isa = PBXResourcesBuildPhase;
			buildActionMask = 2147483647;
			files = (
			);
			runOnlyForDeploymentPostprocessing = 0;
		};
/* End PBXResourcesBuildPhase section */

/* Begin PBXSourcesBuildPhase section */
		6D6F2B3D293E31BA00982FC2 /* Sources */ = {
			isa = PBXSourcesBuildPhase;
			buildActionMask = 2147483647;
			files = (
				6D6F2B47293E31BA00982FC2 /* ContentView.swift in Sources */,
				6D6F2B45293E31BA00982FC2 /* appdemo2App.swift in Sources */,
			);
			runOnlyForDeploymentPostprocessing = 0;
		};
		6D6F2B4D293E31BC00982FC2 /* Sources */ = {
			isa = PBXSourcesBuildPhase;
			buildActionMask = 2147483647;
			files = (
				6D6F2B56293E31BC00982FC2 /* appdemo2Tests.swift in Sources */,
			);
			runOnlyForDeploymentPostprocessing = 0;
		};
		6D6F2B57293E31BC00982FC2 /* Sources */ = {
			isa = PBXSourcesBuildPhase;
			buildActionMask = 2147483647;
			files = (
				6D6F2B62293E31BC00982FC2 /* appdemo2UITestsLaunchTests.swift in Sources */,
				6D6F2B60293E31BC00982FC2 /* appdemo2UITests.swift in Sources */,
			);
			runOnlyForDeploymentPostprocessing = 0;
		};
/* End PBXSourcesBuildPhase section */

/* Begin PBXTargetDependency section */
		6D6F2B53293E31BC00982FC2 /* PBXTargetDependency */ = {
			isa = PBXTargetDependency;
			target = 6D6F2B40293E31BA00982FC2 /* appdemo2 */;
			targetProxy = 6D6F2B52293E31BC00982FC2 /* PBXContainerItemProxy */;
		};
		6D6F2B5D293E31BC00982FC2 /* PBXTargetDependency */ = {
			isa = PBXTargetDependency;
			target = 6D6F2B40293E31BA00982FC2 /* appdemo2 */;
			targetProxy = 6D6F2B5C293E31BC00982FC2 /* PBXContainerItemProxy */;
		};
/* End PBXTargetDependency section */

/* Begin XCBuildConfiguration section */
		6D6F2B63293E31BC00982FC2 /* Debug */ = {
			isa = XCBuildConfiguration;
			buildSettings = {
				ALWAYS_SEARCH_USER_PATHS = NO;
				CLANG_ANALYZER_NONNULL = YES;
				CLANG_ANALYZER_NUMBER_OBJECT_CONVERSION = YES_AGGRESSIVE;
				CLANG_CXX_LANGUAGE_STANDARD = "gnu++17";
				CLANG_ENABLE_MODULES = YES;
				CLANG_ENABLE_OBJC_ARC = YES;
				CLANG_ENABLE_OBJC_WEAK = YES;
				CLANG_WARN_BLOCK_CAPTURE_AUTORELEASING = YES;
				CLANG_WARN_BOOL_CONVERSION = YES;
				CLANG_WARN_COMMA = YES;
				CLANG_WARN_CONSTANT_CONVERSION = YES;
				CLANG_WARN_DEPRECATED_OBJC_IMPLEMENTATIONS = YES;
				CLANG_WARN_DIRECT_OBJC_ISA_USAGE = YES_ERROR;
				CLANG_WARN_DOCUMENTATION_COMMENTS = YES;
				CLANG_WARN_EMPTY_BODY = YES;
				CLANG_WARN_ENUM_CONVERSION = YES;
				CLANG_WARN_INFINITE_RECURSION = YES;
				CLANG_WARN_INT_CONVERSION = YES;
				CLANG_WARN_NON_LITERAL_NULL_CONVERSION = YES;
				CLANG_WARN_OBJC_IMPLICIT_RETAIN_SELF = YES;
				CLANG_WARN_OBJC_LITERAL_CONVERSION = YES;
				CLANG_WARN_OBJC_ROOT_CLASS = YES_ERROR;
				CLANG_WARN_QUOTED_INCLUDE_IN_FRAMEWORK_HEADER = YES;
				CLANG_WARN_RANGE_LOOP_ANALYSIS = YES;
				CLANG_WARN_STRICT_PROTOTYPES = YES;
				CLANG_WARN_SUSPICIOUS_MOVE = YES;
				CLANG_WARN_UNGUARDED_AVAILABILITY = YES_AGGRESSIVE;
				CLANG_WARN_UNREACHABLE_CODE = YES;
				CLANG_WARN__DUPLICATE_METHOD_MATCH = YES;
				COPY_PHASE_STRIP = NO;
				DEBUG_INFORMATION_FORMAT = dwarf;
				ENABLE_STRICT_OBJC_MSGSEND = YES;
				ENABLE_TESTABILITY = YES;
				GCC_C_LANGUAGE_STANDARD = gnu11;
				GCC_DYNAMIC_NO_PIC = NO;
				GCC_NO_COMMON_BLOCKS = YES;
				GCC_OPTIMIZATION_LEVEL = 0;
				GCC_PREPROCESSOR_DEFINITIONS = (
					"DEBUG=1",
					"$(inherited)",
				);
				GCC_WARN_64_TO_32_BIT_CONVERSION = YES;
				GCC_WARN_ABOUT_RETURN_TYPE = YES_ERROR;
				GCC_WARN_UNDECLARED_SELECTOR = YES;
				GCC_WARN_UNINITIALIZED_AUTOS = YES_AGGRESSIVE;
				GCC_WARN_UNUSED_FUNCTION = YES;
				GCC_WARN_UNUSED_VARIABLE = YES;
				IPHONEOS_DEPLOYMENT_TARGET = 15.5;
				MTL_ENABLE_DEBUG_INFO = INCLUDE_SOURCE;
				MTL_FAST_MATH = YES;
				ONLY_ACTIVE_ARCH = YES;
				SDKROOT = iphoneos;
				SWIFT_ACTIVE_COMPILATION_CONDITIONS = DEBUG;
				SWIFT_OPTIMIZATION_LEVEL = "-Onone";
			};
			name = Debug;
		};
		6D6F2B64293E31BC00982FC2 /* Release */ = {
			isa = XCBuildConfiguration;
			buildSettings = {
				ALWAYS_SEARCH_USER_PATHS = NO;
				CLANG_ANALYZER_NONNULL = YES;
				CLANG_ANALYZER_NUMBER_OBJECT_CONVERSION = YES_AGGRESSIVE;
				CLANG_CXX_LANGUAGE_STANDARD = "gnu++17";
				CLANG_ENABLE_MODULES = YES;
				CLANG_ENABLE_OBJC_ARC = YES;
				CLANG_ENABLE_OBJC_WEAK = YES;
				CLANG_WARN_BLOCK_CAPTURE_AUTORELEASING = YES;
				CLANG_WARN_BOOL_CONVERSION = YES;
				CLANG_WARN_COMMA = YES;
				CLANG_WARN_CONSTANT_CONVERSION = YES;
				CLANG_WARN_DEPRECATED_OBJC_IMPLEMENTATIONS = YES;
				CLANG_WARN_DIRECT_OBJC_ISA_USAGE = YES_ERROR;
				CLANG_WARN_DOCUMENTATION_COMMENTS = YES;
				CLANG_WARN_EMPTY_BODY = YES;
				CLANG_WARN_ENUM_CONVERSION = YES;
				CLANG_WARN_INFINITE_RECURSION = YES;
				CLANG_WARN_INT_CONVERSION = YES;
				CLANG_WARN_NON_LITERAL_NULL_CONVERSION = YES;
				CLANG_WARN_OBJC_IMPLICIT_RETAIN_SELF = YES;
				CLANG_WARN_OBJC_LITERAL_CONVERSION = YES;
				CLANG_WARN_OBJC_ROOT_CLASS = YES_ERROR;
				CLANG_WARN_QUOTED_INCLUDE_IN_FRAMEWORK_HEADER = YES;
				CLANG_WARN_RANGE_LOOP_ANALYSIS = YES;
				CLANG_WARN_STRICT_PROTOTYPES = YES;
				CLANG_WARN_SUSPICIOUS_MOVE = YES;
				CLANG_WARN_UNGUARDED_AVAILABILITY = YES_AGGRESSIVE;
				CLANG_WARN_UNREACHABLE_CODE = YES;
				CLANG_WARN__DUPLICATE_METHOD_MATCH = YES;
				COPY_PHASE_STRIP = NO;
				DEBUG_INFORMATION_FORMAT = "dwarf-with-dsym";
				ENABLE_NS_ASSERTIONS = NO;
				ENABLE_STRICT_OBJC_MSGSEND = YES;
				GCC_C_LANGUAGE_STANDARD = gnu11;
				GCC_NO_COMMON_BLOCKS = YES;
				GCC_WARN_64_TO_32_BIT_CONVERSION = YES;
				GCC_WARN_ABOUT_RETURN_TYPE = YES_ERROR;
				GCC_WARN_UNDECLARED_SELECTOR = YES;
				GCC_WARN_UNINITIALIZED_AUTOS = YES_AGGRESSIVE;
				GCC_WARN_UNUSED_FUNCTION = YES;
				GCC_WARN_UNUSED_VARIABLE = YES;
				IPHONEOS_DEPLOYMENT_TARGET = 15.5;
				MTL_ENABLE_DEBUG_INFO = NO;
				MTL_FAST_MATH = YES;
				SDKROOT = iphoneos;
				SWIFT_COMPILATION_MODE = wholemodule;
				SWIFT_OPTIMIZATION_LEVEL = "-O";
				VALIDATE_PRODUCT = YES;
			};
			name = Release;
		};
		6D6F2B66293E31BC00982FC2 /* Debug */ = {
			isa = XCBuildConfiguration;
			buildSettings = {
				ASSETCATALOG_COMPILER_APPICON_NAME = AppIcon;
				ASSETCATALOG_COMPILER_GLOBAL_ACCENT_COLOR_NAME = AccentColor;
				CODE_SIGN_STYLE = Automatic;
				CURRENT_PROJECT_VERSION = 1;
				DEVELOPMENT_ASSET_PATHS = "\"appdemo2/Preview Content\"";
				ENABLE_PREVIEWS = YES;
				GENERATE_INFOPLIST_FILE = YES;
				INFOPLIST_KEY_UIApplicationSceneManifest_Generation = YES;
				INFOPLIST_KEY_UIApplicationSupportsIndirectInputEvents = YES;
				INFOPLIST_KEY_UILaunchScreen_Generation = YES;
				INFOPLIST_KEY_UISupportedInterfaceOrientations_iPad = "UIInterfaceOrientationPortrait UIInterfaceOrientationPortraitUpsideDown UIInterfaceOrientationLandscapeLeft UIInterfaceOrientationLandscapeRight";
				INFOPLIST_KEY_UISupportedInterfaceOrientations_iPhone = "UIInterfaceOrientationPortrait UIInterfaceOrientationLandscapeLeft UIInterfaceOrientationLandscapeRight";
				LD_RUNPATH_SEARCH_PATHS = (
					"$(inherited)",
					"@executable_path/Frameworks",
				);
				MARKETING_VERSION = 1.0;
				PRODUCT_BUNDLE_IDENTIFIER = com.kevin.appdemo2;
				PRODUCT_NAME = "$(TARGET_NAME)";
				SWIFT_EMIT_LOC_STRINGS = YES;
				SWIFT_VERSION = 5.0;
				TARGETED_DEVICE_FAMILY = "1,2";
			};
			name = Debug;
		};
		6D6F2B67293E31BC00982FC2 /* Release */ = {
			isa = XCBuildConfiguration;
			buildSettings = {
				ASSETCATALOG_COMPILER_APPICON_NAME = AppIcon;
				ASSETCATALOG_COMPILER_GLOBAL_ACCENT_COLOR_NAME = AccentColor;
				CODE_SIGN_STYLE = Automatic;
				CURRENT_PROJECT_VERSION = 1;
				DEVELOPMENT_ASSET_PATHS = "\"appdemo2/Preview Content\"";
				ENABLE_PREVIEWS = YES;
				GENERATE_INFOPLIST_FILE = YES;
				INFOPLIST_KEY_UIApplicationSceneManifest_Generation = YES;
				INFOPLIST_KEY_UIApplicationSupportsIndirectInputEvents = YES;
				INFOPLIST_KEY_UILaunchScreen_Generation = YES;
				INFOPLIST_KEY_UISupportedInterfaceOrientations_iPad = "UIInterfaceOrientationPortrait UIInterfaceOrientationPortraitUpsideDown UIInterfaceOrientationLandscapeLeft UIInterfaceOrientationLandscapeRight";
				INFOPLIST_KEY_UISupportedInterfaceOrientations_iPhone = "UIInterfaceOrientationPortrait UIInterfaceOrientationLandscapeLeft UIInterfaceOrientationLandscapeRight";
				LD_RUNPATH_SEARCH_PATHS = (
					"$(inherited)",
					"@executable_path/Frameworks",
				);
				MARKETING_VERSION = 1.0;
				PRODUCT_BUNDLE_IDENTIFIER = com.kevin.appdemo2;
				PRODUCT_NAME = "$(TARGET_NAME)";
				SWIFT_EMIT_LOC_STRINGS = YES;
				SWIFT_VERSION = 5.0;
				TARGETED_DEVICE_FAMILY = "1,2";
			};
			name = Release;
		};
		6D6F2B69293E31BC00982FC2 /* Debug */ = {
			isa = XCBuildConfiguration;
			buildSettings = {
				ALWAYS_EMBED_SWIFT_STANDARD_LIBRARIES = YES;
				BUNDLE_LOADER = "$(TEST_HOST)";
				CODE_SIGN_STYLE = Automatic;
				CURRENT_PROJECT_VERSION = 1;
				GENERATE_INFOPLIST_FILE = YES;
				IPHONEOS_DEPLOYMENT_TARGET = 15.5;
				MARKETING_VERSION = 1.0;
				PRODUCT_BUNDLE_IDENTIFIER = com.kevin.appdemo2Tests;
				PRODUCT_NAME = "$(TARGET_NAME)";
				SWIFT_EMIT_LOC_STRINGS = NO;
				SWIFT_VERSION = 5.0;
				TARGETED_DEVICE_FAMILY = "1,2";
				TEST_HOST = "$(BUILT_PRODUCTS_DIR)/appdemo2.app/appdemo2";
			};
			name = Debug;
		};
		6D6F2B6A293E31BC00982FC2 /* Release */ = {
			isa = XCBuildConfiguration;
			buildSettings = {
				ALWAYS_EMBED_SWIFT_STANDARD_LIBRARIES = YES;
				BUNDLE_LOADER = "$(TEST_HOST)";
				CODE_SIGN_STYLE = Automatic;
				CURRENT_PROJECT_VERSION = 1;
				GENERATE_INFOPLIST_FILE = YES;
				IPHONEOS_DEPLOYMENT_TARGET = 15.5;
				MARKETING_VERSION = 1.0;
				PRODUCT_BUNDLE_IDENTIFIER = com.kevin.appdemo2Tests;
				PRODUCT_NAME = "$(TARGET_NAME)";
				SWIFT_EMIT_LOC_STRINGS = NO;
				SWIFT_VERSION = 5.0;
				TARGETED_DEVICE_FAMILY = "1,2";
				TEST_HOST = "$(BUILT_PRODUCTS_DIR)/appdemo2.app/appdemo2";
			};
			name = Release;
		};
		6D6F2B6C293E31BC00982FC2 /* Debug */ = {
			isa = XCBuildConfiguration;
			buildSettings = {
				ALWAYS_EMBED_SWIFT_STANDARD_LIBRARIES = YES;
				CODE_SIGN_STYLE = Automatic;
				CURRENT_PROJECT_VERSION = 1;
				GENERATE_INFOPLIST_FILE = YES;
				MARKETING_VERSION = 1.0;
				PRODUCT_BUNDLE_IDENTIFIER = com.kevin.appdemo2UITests;
				PRODUCT_NAME = "$(TARGET_NAME)";
				SWIFT_EMIT_LOC_STRINGS = NO;
				SWIFT_VERSION = 5.0;
				TARGETED_DEVICE_FAMILY = "1,2";
				TEST_TARGET_NAME = appdemo2;
			};
			name = Debug;
		};
		6D6F2B6D293E31BC00982FC2 /* Release */ = {
			isa = XCBuildConfiguration;
			buildSettings = {
				ALWAYS_EMBED_SWIFT_STANDARD_LIBRARIES = YES;
				CODE_SIGN_STYLE = Automatic;
				CURRENT_PROJECT_VERSION = 1;
				GENERATE_INFOPLIST_FILE = YES;
				MARKETING_VERSION = 1.0;
				PRODUCT_BUNDLE_IDENTIFIER = com.kevin.appdemo2UITests;
				PRODUCT_NAME = "$(TARGET_NAME)";
				SWIFT_EMIT_LOC_STRINGS = NO;
				SWIFT_VERSION = 5.0;
				TARGETED_DEVICE_FAMILY = "1,2";
				TEST_TARGET_NAME = appdemo2;
			};
			name = Release;
		};
/* End XCBuildConfiguration section */

/* Begin XCConfigurationList section */
		6D6F2B3C293E31BA00982FC2 /* Build configuration list for PBXProject "appdemo2" */ = {
			isa = XCConfigurationList;
			buildConfigurations = (
				6D6F2B63293E31BC00982FC2 /* Debug */,
				6D6F2B64293E31BC00982FC2 /* Release */,
			);
			defaultConfigurationIsVisible = 0;
			defaultConfigurationName = Release;
		};
		6D6F2B65293E31BC00982FC2 /* Build configuration list for PBXNativeTarget "appdemo2" */ = {
			isa = XCConfigurationList;
			buildConfigurations = (
				6D6F2B66293E31BC00982FC2 /* Debug */,
				6D6F2B67293E31BC00982FC2 /* Release */,
			);
			defaultConfigurationIsVisible = 0;
			defaultConfigurationName = Release;
		};
		6D6F2B68293E31BC00982FC2 /* Build configuration list for PBXNativeTarget "appdemo2Tests" */ = {
			isa = XCConfigurationList;
			buildConfigurations = (
				6D6F2B69293E31BC00982FC2 /* Debug */,
				6D6F2B6A293E31BC00982FC2 /* Release */,
			);
			defaultConfigurationIsVisible = 0;
			defaultConfigurationName = Release;
		};
		6D6F2B6B293E31BC00982FC2 /* Build configuration list for PBXNativeTarget "appdemo2UITests" */ = {
			isa = XCConfigurationList;
			buildConfigurations = (
				6D6F2B6C293E31BC00982FC2 /* Debug */,
				6D6F2B6D293E31BC00982FC2 /* Release */,
			);
			defaultConfigurationIsVisible = 0;
			defaultConfigurationName = Release;
		};
/* End XCConfigurationList section */
	};
	rootObject = 6D6F2B39293E31BA00982FC2 /* Project object */;
}
